
Microsoft Visual Studio Solution File, Format Version 12.00
# Visual Studio Version 17
VisualStudioVersion = 17.9.34728.123
MinimumVisualStudioVersion = 10.0.40219.1
Project("{FAE04EC0-301F-11D3-BF4B-00C04F79EFBC}") = "ClaimManagementFS", "ClaimManagementFS.csproj", "{B29C488E-9035-4987-AFEC-0CC7557E167D}"
EndProject
Global
	GlobalSection(SolutionConfigurationPlatforms) = preSolution
		Debug|Any CPU = Debug|Any CPU
		Release|Any CPU = Release|Any CPU
	EndGlobalSection
	GlobalSection(ProjectConfigurationPlatforms) = postSolution
		{B29C488E-9035-4987-AFEC-0CC7557E167D}.Debug|Any CPU.ActiveCfg = Debug|Any CPU
		{B29C488E-9035-4987-AFEC-0CC7557E167D}.Debug|Any CPU.Build.0 = Debug|Any CPU
		{B29C488E-9035-4987-AFEC-0CC7557E167D}.Release|Any CPU.ActiveCfg = Release|Any CPU
		{B29C488E-9035-4987-AFEC-0CC7557E167D}.Release|Any CPU.Build.0 = Release|Any CPU
	EndGlobalSection
	GlobalSection(SolutionProperties) = preSolution
		HideSolutionNode = FALSE
	EndGlobalSection
	GlobalSection(ExtensibilityGlobals) = postSolution
		SolutionGuid = {4133F763-199B-4C9E-8AD7-2153E9E920F5}
	EndGlobalSection
EndGlobal
